
Microsoft Visual Studio Solution File, Format Version 12.00
# Visual Studio Version 16
VisualStudioVersion = 16.0.810.23
MinimumVisualStudioVersion = 10.0.40219.1
Project("{FAE04EC0-301F-11D3-BF4B-00C04F79EFBC}") = "Listas.Android", "Listas.Android\Listas.Android.csproj", "{2D18686A-E1A4-4349-A245-66815142E28D}"
EndProject
Project("{9A19103F-16F7-4668-BE54-9A1E7A4F7556}") = "Listas", "Listas\Listas.csproj", "{887B9D9E-7213-43E1-A956-F162ACC96B7A}"
EndProject
Global
	GlobalSection(SolutionConfigurationPlatforms) = preSolution
		Debug|Any CPU = Debug|Any CPU
		Release|Any CPU = Release|Any CPU
	EndGlobalSection
	GlobalSection(ProjectConfigurationPlatforms) = postSolution
		{2D18686A-E1A4-4349-A245-66815142E28D}.Debug|Any CPU.ActiveCfg = Debug|Any CPU
		{2D18686A-E1A4-4349-A245-66815142E28D}.Debug|Any CPU.Build.0 = Debug|Any CPU
		{2D18686A-E1A4-4349-A245-66815142E28D}.Debug|Any CPU.Deploy.0 = Debug|Any CPU
		{2D18686A-E1A4-4349-A245-66815142E28D}.Release|Any CPU.ActiveCfg = Release|Any CPU
		{2D18686A-E1A4-4349-A245-66815142E28D}.Release|Any CPU.Build.0 = Release|Any CPU
		{887B9D9E-7213-43E1-A956-F162ACC96B7A}.Debug|Any CPU.ActiveCfg = Debug|Any CPU
		{887B9D9E-7213-43E1-A956-F162ACC96B7A}.Debug|Any CPU.Build.0 = Debug|Any CPU
		{887B9D9E-7213-43E1-A956-F162ACC96B7A}.Release|Any CPU.ActiveCfg = Release|Any CPU
		{887B9D9E-7213-43E1-A956-F162ACC96B7A}.Release|Any CPU.Build.0 = Release|Any CPU
	EndGlobalSection
	GlobalSection(SolutionProperties) = preSolution
		HideSolutionNode = FALSE
	EndGlobalSection
	GlobalSection(ExtensibilityGlobals) = postSolution
		SolutionGuid = {4B1AEEA3-C2F3-49E8-BD85-AFB7A5C2894B}
	EndGlobalSection
EndGlobal
